
Microsoft Visual Studio Solution File, Format Version 12.00
# Visual Studio Version 17
VisualStudioVersion = 17.14.36327.8 d17.14
MinimumVisualStudioVersion = 10.0.40219.1
Project("{FAE04EC0-301F-11D3-BF4B-00C04F79EFBC}") = "GameStore.Api", "GameStore.Api.csproj", "{60571C69-C397-4B3A-AE7E-4E1137BEDA41}"
EndProject
Global
	GlobalSection(SolutionConfigurationPlatforms) = preSolution
		Debug|Any CPU = Debug|Any CPU
		Release|Any CPU = Release|Any CPU
	EndGlobalSection
	GlobalSection(ProjectConfigurationPlatforms) = postSolution
		{60571C69-C397-4B3A-AE7E-4E1137BEDA41}.Debug|Any CPU.ActiveCfg = Debug|Any CPU
		{60571C69-C397-4B3A-AE7E-4E1137BEDA41}.Debug|Any CPU.Build.0 = Debug|Any CPU
		{60571C69-C397-4B3A-AE7E-4E1137BEDA41}.Release|Any CPU.ActiveCfg = Release|Any CPU
		{60571C69-C397-4B3A-AE7E-4E1137BEDA41}.Release|Any CPU.Build.0 = Release|Any CPU
	EndGlobalSection
	GlobalSection(SolutionProperties) = preSolution
		HideSolutionNode = FALSE
	EndGlobalSection
	GlobalSection(ExtensibilityGlobals) = postSolution
		SolutionGuid = {7F16C977-CADB-40A3-80A1-CC2CD113871F}
	EndGlobalSection
EndGlobal
